{
  "name": "blog",
  "lockfileVersion": 2,
  "requires": true,
  "packages": {
    "": {
      "dependencies": {
        "@bytecodealliance/preview2-shim": "^0.0.3"
      }
    },
    "node_modules/@bytecodealliance/preview2-shim": {
      "version": "0.0.3",
      "resolved": "https://registry.npmjs.org/@bytecodealliance/preview2-shim/-/preview2-shim-0.0.3.tgz",
      "integrity": "sha512-QsMCM9Mv8BERD0aAaqerHI4huUt+1AXL71edrBoqc7dyT2tDe9k/sDE8NUaqgjKROOJCs4G4uYrQOa8b0xa4rg=="
    }
  },
  "dependencies": {
    "@bytecodealliance/preview2-shim": {
      "version": "0.0.3",
      "resolved": "https://registry.npmjs.org/@bytecodealliance/preview2-shim/-/preview2-shim-0.0.3.tgz",
      "integrity": "sha512-QsMCM9Mv8BERD0aAaqerHI4huUt+1AXL71edrBoqc7dyT2tDe9k/sDE8NUaqgjKROOJCs4G4uYrQOa8b0xa4rg=="
    }
  }
}
